
Microsoft Visual Studio Solution File, Format Version 12.00
# Visual Studio 15
VisualStudioVersion = 15.0.27004.2009
MinimumVisualStudioVersion = 10.0.40219.1
Project("{9A19103F-16F7-4668-BE54-9A1E7A4F7556}") = "AipSdkCore", "AipSdkCore\AipSdkCore.csproj", "{DBB9C2F6-D34D-4C32-A8C7-8E2CFBB53204}"
EndProject
Project("{FAE04EC0-301F-11D3-BF4B-00C04F79EFBC}") = "AipSdkCore.Console", "AipSdkCore.Console\AipSdkCore.Console.csproj", "{960665B1-F4EB-461D-AF25-30B48583FE00}"
EndProject
Global
	GlobalSection(SolutionConfigurationPlatforms) = preSolution
		Debug|Any CPU = Debug|Any CPU
		Release|Any CPU = Release|Any CPU
	EndGlobalSection
	GlobalSection(ProjectConfigurationPlatforms) = postSolution
		{DBB9C2F6-D34D-4C32-A8C7-8E2CFBB53204}.Debug|Any CPU.ActiveCfg = Debug|Any CPU
		{DBB9C2F6-D34D-4C32-A8C7-8E2CFBB53204}.Debug|Any CPU.Build.0 = Debug|Any CPU
		{DBB9C2F6-D34D-4C32-A8C7-8E2CFBB53204}.Release|Any CPU.ActiveCfg = Release|Any CPU
		{DBB9C2F6-D34D-4C32-A8C7-8E2CFBB53204}.Release|Any CPU.Build.0 = Release|Any CPU
		{960665B1-F4EB-461D-AF25-30B48583FE00}.Debug|Any CPU.ActiveCfg = Debug|Any CPU
		{960665B1-F4EB-461D-AF25-30B48583FE00}.Debug|Any CPU.Build.0 = Debug|Any CPU
		{960665B1-F4EB-461D-AF25-30B48583FE00}.Release|Any CPU.ActiveCfg = Release|Any CPU
		{960665B1-F4EB-461D-AF25-30B48583FE00}.Release|Any CPU.Build.0 = Release|Any CPU
	EndGlobalSection
	GlobalSection(SolutionProperties) = preSolution
		HideSolutionNode = FALSE
	EndGlobalSection
	GlobalSection(ExtensibilityGlobals) = postSolution
		SolutionGuid = {A132E609-3CAA-4880-9C50-65E5F83AC2D8}
	EndGlobalSection
EndGlobal
